
Microsoft Visual Studio Solution File, Format Version 12.00
# Visual Studio Version 17
VisualStudioVersion = 17.2.32526.322
MinimumVisualStudioVersion = 10.0.40219.1
Project("{9A19103F-16F7-4668-BE54-9A1E7A4F7556}") = "BlazorStore_Server", "BlazorStore_Server\BlazorStore_Server.csproj", "{7246D39B-56EA-4C33-AC04-4112B4337FF3}"
EndProject
Project("{9A19103F-16F7-4668-BE54-9A1E7A4F7556}") = "BlazorStore_Client", "BlazorStore_Client\BlazorStore_Client.csproj", "{5A5D3977-EF28-4F30-A9E0-45766D2E7D56}"
EndProject
Project("{9A19103F-16F7-4668-BE54-9A1E7A4F7556}") = "BlazorStore_Models", "BlazorStore_Models\BlazorStore_Models.csproj", "{26B4A3CE-198D-4504-B03C-8F96C2D841B4}"
EndProject
Project("{9A19103F-16F7-4668-BE54-9A1E7A4F7556}") = "BlazoeStore_Business", "BlazoeStore_Business\BlazoeStore_Business.csproj", "{1A0A2352-946C-42D6-BA0E-FD6CFD59CBF0}"
EndProject
Project("{9A19103F-16F7-4668-BE54-9A1E7A4F7556}") = "BlazorStore_Common", "BlazorStore_Common\BlazorStore_Common.csproj", "{051C3055-9883-4B57-B971-BB7F6D0543BF}"
EndProject
Project("{9A19103F-16F7-4668-BE54-9A1E7A4F7556}") = "BlazorStore_DataAccess", "BlazorStore_DataAccess\BlazorStore_DataAccess.csproj", "{53BD6D41-9705-4214-ABF8-772550698507}"
EndProject
Global
	GlobalSection(SolutionConfigurationPlatforms) = preSolution
		Debug|Any CPU = Debug|Any CPU
		Release|Any CPU = Release|Any CPU
	EndGlobalSection
	GlobalSection(ProjectConfigurationPlatforms) = postSolution
		{7246D39B-56EA-4C33-AC04-4112B4337FF3}.Debug|Any CPU.ActiveCfg = Debug|Any CPU
		{7246D39B-56EA-4C33-AC04-4112B4337FF3}.Debug|Any CPU.Build.0 = Debug|Any CPU
		{7246D39B-56EA-4C33-AC04-4112B4337FF3}.Release|Any CPU.ActiveCfg = Release|Any CPU
		{7246D39B-56EA-4C33-AC04-4112B4337FF3}.Release|Any CPU.Build.0 = Release|Any CPU
		{5A5D3977-EF28-4F30-A9E0-45766D2E7D56}.Debug|Any CPU.ActiveCfg = Debug|Any CPU
		{5A5D3977-EF28-4F30-A9E0-45766D2E7D56}.Debug|Any CPU.Build.0 = Debug|Any CPU
		{5A5D3977-EF28-4F30-A9E0-45766D2E7D56}.Release|Any CPU.ActiveCfg = Release|Any CPU
		{5A5D3977-EF28-4F30-A9E0-45766D2E7D56}.Release|Any CPU.Build.0 = Release|Any CPU
		{26B4A3CE-198D-4504-B03C-8F96C2D841B4}.Debug|Any CPU.ActiveCfg = Debug|Any CPU
		{26B4A3CE-198D-4504-B03C-8F96C2D841B4}.Debug|Any CPU.Build.0 = Debug|Any CPU
		{26B4A3CE-198D-4504-B03C-8F96C2D841B4}.Release|Any CPU.ActiveCfg = Release|Any CPU
		{26B4A3CE-198D-4504-B03C-8F96C2D841B4}.Release|Any CPU.Build.0 = Release|Any CPU
		{1A0A2352-946C-42D6-BA0E-FD6CFD59CBF0}.Debug|Any CPU.ActiveCfg = Debug|Any CPU
		{1A0A2352-946C-42D6-BA0E-FD6CFD59CBF0}.Debug|Any CPU.Build.0 = Debug|Any CPU
		{1A0A2352-946C-42D6-BA0E-FD6CFD59CBF0}.Release|Any CPU.ActiveCfg = Release|Any CPU
		{1A0A2352-946C-42D6-BA0E-FD6CFD59CBF0}.Release|Any CPU.Build.0 = Release|Any CPU
		{051C3055-9883-4B57-B971-BB7F6D0543BF}.Debug|Any CPU.ActiveCfg = Debug|Any CPU
		{051C3055-9883-4B57-B971-BB7F6D0543BF}.Debug|Any CPU.Build.0 = Debug|Any CPU
		{051C3055-9883-4B57-B971-BB7F6D0543BF}.Release|Any CPU.ActiveCfg = Release|Any CPU
		{051C3055-9883-4B57-B971-BB7F6D0543BF}.Release|Any CPU.Build.0 = Release|Any CPU
		{53BD6D41-9705-4214-ABF8-772550698507}.Debug|Any CPU.ActiveCfg = Debug|Any CPU
		{53BD6D41-9705-4214-ABF8-772550698507}.Debug|Any CPU.Build.0 = Debug|Any CPU
		{53BD6D41-9705-4214-ABF8-772550698507}.Release|Any CPU.ActiveCfg = Release|Any CPU
		{53BD6D41-9705-4214-ABF8-772550698507}.Release|Any CPU.Build.0 = Release|Any CPU
	EndGlobalSection
	GlobalSection(SolutionProperties) = preSolution
		HideSolutionNode = FALSE
	EndGlobalSection
	GlobalSection(ExtensibilityGlobals) = postSolution
		SolutionGuid = {1DC3A6A7-77BA-42EA-A386-4C431D8097D8}
	EndGlobalSection
EndGlobal
